// !$*UTF8*$!
{
	archiveVersion = 1;
	classes = {
	};
	objectVersion = 77;
	objects = {

/* Begin PBXBuildFile section */
		FE50AB7C2DBAA41900CD6E72 /* HiveCardView.swift in Sources */ = {isa = PBXBuildFile; fileRef = FE50AB7B2DBAA41900CD6E72 /* HiveCardView.swift */; };
		FE50AB7E2DBAA80500CD6E72 /* View+Ext.swift in Sources */ = {isa = PBXBuildFile; fileRef = FE50AB7D2DBAA80500CD6E72 /* View+Ext.swift */; };
		FE50AB812DBAAC2800CD6E72 /* TabBarView.swift in Sources */ = {isa = PBXBuildFile; fileRef = FE50AB802DBAAC2800CD6E72 /* TabBarView.swift */; };
		FE50AB852DBBA84F00CD6E72 /* AuthDataResultModel.swift in Sources */ = {isa = PBXBuildFile; fileRef = FE50AB842DBBA84F00CD6E72 /* AuthDataResultModel.swift */; };
		FE50AB882DBBB1D900CD6E72 /* GoogleSignIn in Frameworks */ = {isa = PBXBuildFile; productRef = FE50AB872DBBB1D900CD6E72 /* GoogleSignIn */; };
		FE50AB8A2DBBB1D900CD6E72 /* GoogleSignInSwift in Frameworks */ = {isa = PBXBuildFile; productRef = FE50AB892DBBB1D900CD6E72 /* GoogleSignInSwift */; };
		FE50AB8D2DBBF6A200CD6E72 /* AuthProviderOption.swift in Sources */ = {isa = PBXBuildFile; fileRef = FE50AB8C2DBBF6A200CD6E72 /* AuthProviderOption.swift */; };
		FE50AB932DBC3B9E00CD6E72 /* FirebaseFirestore in Frameworks */ = {isa = PBXBuildFile; productRef = FE50AB922DBC3B9E00CD6E72 /* FirebaseFirestore */; };
		FE50AB952DBC41C300CD6E72 /* UserService.swift in Sources */ = {isa = PBXBuildFile; fileRef = FE50AB942DBC41C300CD6E72 /* UserService.swift */; };
		FE50AB9E2DBD6ABD00CD6E72 /* DBUser.swift in Sources */ = {isa = PBXBuildFile; fileRef = FE50AB9D2DBD6AB900CD6E72 /* DBUser.swift */; };
		FE50ABA32DBE889300CD6E72 /* BeeTask.swift in Sources */ = {isa = PBXBuildFile; fileRef = FE50ABA22DBE888800CD6E72 /* BeeTask.swift */; };
		FE50ABAE2DBEE9DB00CD6E72 /* EditProfileView.swift in Sources */ = {isa = PBXBuildFile; fileRef = FE50ABAD2DBEE9DB00CD6E72 /* EditProfileView.swift */; };
		FE60575B2DA9C8A0004DC314 /* SettingsView.swift in Sources */ = {isa = PBXBuildFile; fileRef = FE60575A2DA9C8A0004DC314 /* SettingsView.swift */; };
		FE60576A2DAB0F23004DC314 /* AuthenticationError.swift in Sources */ = {isa = PBXBuildFile; fileRef = FE6057692DAB0F23004DC314 /* AuthenticationError.swift */; };
		FE60576D2DAB13D2004DC314 /* SignInState.swift in Sources */ = {isa = PBXBuildFile; fileRef = FE60576C2DAB13D2004DC314 /* SignInState.swift */; };
		FE8DB24B2DABCFDE0026530B /* String+Ext.swift in Sources */ = {isa = PBXBuildFile; fileRef = FE8DB24A2DABCFDE0026530B /* String+Ext.swift */; };
		FE8DB2502DABD4CB0026530B /* AnimatedText.swift in Sources */ = {isa = PBXBuildFile; fileRef = FE8DB24F2DABD4CB0026530B /* AnimatedText.swift */; };
		FE8DB2522DABDEF60026530B /* ForgotPasswordView.swift in Sources */ = {isa = PBXBuildFile; fileRef = FE8DB2512DABDEF60026530B /* ForgotPasswordView.swift */; };
		FEB883DC2DE216C900D31380 /* HiveHeader.swift in Sources */ = {isa = PBXBuildFile; fileRef = FEB883DB2DE216C900D31380 /* HiveHeader.swift */; };
		FEB883DF2DE348FB00D31380 /* HomeView.swift in Sources */ = {isa = PBXBuildFile; fileRef = FEB883DE2DE348FB00D31380 /* HomeView.swift */; };
		FEB883E32DE34A0800D31380 /* HomeViewModel.swift in Sources */ = {isa = PBXBuildFile; fileRef = FEB883E22DE34A0800D31380 /* HomeViewModel.swift */; };
		FEB883E52DE34A7600D31380 /* HivesService.swift in Sources */ = {isa = PBXBuildFile; fileRef = FEB883E42DE34A7600D31380 /* HivesService.swift */; };
		FEB883E72DE3A7A800D31380 /* LocationModel.swift in Sources */ = {isa = PBXBuildFile; fileRef = FEB883E62DE3A7A500D31380 /* LocationModel.swift */; };
		FEB883EA2DE3C0AB00D31380 /* MapViewForHives.swift in Sources */ = {isa = PBXBuildFile; fileRef = FEB883E92DE3C0A100D31380 /* MapViewForHives.swift */; };
		FEB883EC2DE3C9A700D31380 /* HivesListView.swift in Sources */ = {isa = PBXBuildFile; fileRef = FEB883EB2DE3C9A700D31380 /* HivesListView.swift */; };
		FEB883EE2DE3CC8D00D31380 /* HiveListCell.swift in Sources */ = {isa = PBXBuildFile; fileRef = FEB883ED2DE3CC8D00D31380 /* HiveListCell.swift */; };
		FEB883F22DE3D69100D31380 /* AddHiveView.swift in Sources */ = {isa = PBXBuildFile; fileRef = FEB883F12DE3D69100D31380 /* AddHiveView.swift */; };
		FEDE15792DA1C49D00DC4D17 /* RootView.swift in Sources */ = {isa = PBXBuildFile; fileRef = FEDE15782DA1C49D00DC4D17 /* RootView.swift */; };
		FEDE157D2DA1C8B800DC4D17 /* SignUpWithEmailView.swift in Sources */ = {isa = PBXBuildFile; fileRef = FEDE157C2DA1C8B800DC4D17 /* SignUpWithEmailView.swift */; };
		FEED69C12D96CC7900F7A171 /* FirebaseAnalytics in Frameworks */ = {isa = PBXBuildFile; productRef = FEED69C02D96CC7900F7A171 /* FirebaseAnalytics */; };
		FEED69C42D96E00700F7A171 /* FirebaseAuth in Frameworks */ = {isa = PBXBuildFile; productRef = FEED69C32D96E00700F7A171 /* FirebaseAuth */; };
		FEED69D12D96E15E00F7A171 /* AuthenticationView.swift in Sources */ = {isa = PBXBuildFile; fileRef = FEED69CC2D96E15E00F7A171 /* AuthenticationView.swift */; };
		FEED69D22D96E15E00F7A171 /* Beekeeper_SwiftUIApp.swift in Sources */ = {isa = PBXBuildFile; fileRef = FEED69CD2D96E15E00F7A171 /* Beekeeper_SwiftUIApp.swift */; };
		FEED69D42D96E15E00F7A171 /* Preview Assets.xcassets in Resources */ = {isa = PBXBuildFile; fileRef = FEED69C92D96E15E00F7A171 /* Preview Assets.xcassets */; };
		FEED69D52D96E15E00F7A171 /* Assets.xcassets in Resources */ = {isa = PBXBuildFile; fileRef = FEED69CB2D96E15E00F7A171 /* Assets.xcassets */; };
		FEED69D62D96E15E00F7A171 /* GoogleService-Info.plist in Resources */ = {isa = PBXBuildFile; fileRef = FEED69CF2D96E15E00F7A171 /* GoogleService-Info.plist */; };
		FEED69D82D96E56300F7A171 /* SignInWithEmailView.swift in Sources */ = {isa = PBXBuildFile; fileRef = FEED69D72D96E56300F7A171 /* SignInWithEmailView.swift */; };
		FEED69E02D96E9AD00F7A171 /* AuthenticationService.swift in Sources */ = {isa = PBXBuildFile; fileRef = FEED69DF2D96E9AD00F7A171 /* AuthenticationService.swift */; };
		FEED69E22D96EB0700F7A171 /* AuthenticationViewModel.swift in Sources */ = {isa = PBXBuildFile; fileRef = FEED69E12D96EB0700F7A171 /* AuthenticationViewModel.swift */; };
		FEFA18592DD618A100C23333 /* TasksView.swift in Sources */ = {isa = PBXBuildFile; fileRef = FEFA18582DD618A100C23333 /* TasksView.swift */; };
		FEFA185E2DD6192200C23333 /* TaskCellView.swift in Sources */ = {isa = PBXBuildFile; fileRef = FEFA185D2DD6192200C23333 /* TaskCellView.swift */; };
		FEFA18602DD637D000C23333 /* TasksViewModel.swift in Sources */ = {isa = PBXBuildFile; fileRef = FEFA185F2DD637D000C23333 /* TasksViewModel.swift */; };
		FEFA18622DD6381400C23333 /* TasksService.swift in Sources */ = {isa = PBXBuildFile; fileRef = FEFA18612DD6381400C23333 /* TasksService.swift */; };
		FEFA18642DD652AE00C23333 /* AddTaskView.swift in Sources */ = {isa = PBXBuildFile; fileRef = FEFA18632DD652AE00C23333 /* AddTaskView.swift */; };
		FEFA18662DD6794600C23333 /* LoadingIndicatorView.swift in Sources */ = {isa = PBXBuildFile; fileRef = FEFA18652DD6794600C23333 /* LoadingIndicatorView.swift */; };
		FEFA186A2DD7579400C23333 /* TransactionsView.swift in Sources */ = {isa = PBXBuildFile; fileRef = FEFA18692DD7579400C23333 /* TransactionsView.swift */; };
		FEFA186E2DD75E7200C23333 /* TransactionModel.swift in Sources */ = {isa = PBXBuildFile; fileRef = FEFA186D2DD75E7200C23333 /* TransactionModel.swift */; };
		FEFA18702DD760E600C23333 /* TransactionsService.swift in Sources */ = {isa = PBXBuildFile; fileRef = FEFA186F2DD760E600C23333 /* TransactionsService.swift */; };
		FEFA18722DD7614400C23333 /* TransactionsViewModel.swift in Sources */ = {isa = PBXBuildFile; fileRef = FEFA18712DD7614400C23333 /* TransactionsViewModel.swift */; };
		FEFA18742DD76A9600C23333 /* TransactionRowCell.swift in Sources */ = {isa = PBXBuildFile; fileRef = FEFA18732DD76A9600C23333 /* TransactionRowCell.swift */; };
		FEFA18762DD778AB00C23333 /* Double+Ext.swift in Sources */ = {isa = PBXBuildFile; fileRef = FEFA18752DD778AB00C23333 /* Double+Ext.swift */; };
		FEFA18782DD778C100C23333 /* Date+Ext.swift in Sources */ = {isa = PBXBuildFile; fileRef = FEFA18772DD778C100C23333 /* Date+Ext.swift */; };
		FEFA187A2DD9F70C00C23333 /* AllTransactionsView.swift in Sources */ = {isa = PBXBuildFile; fileRef = FEFA18792DD9F70C00C23333 /* AllTransactionsView.swift */; };
		FEFA187C2DD9F77400C23333 /* AddTransactionView.swift in Sources */ = {isa = PBXBuildFile; fileRef = FEFA187B2DD9F77400C23333 /* AddTransactionView.swift */; };
		FEFA187E2DDA0ACA00C23333 /* TransactionFilter.swift in Sources */ = {isa = PBXBuildFile; fileRef = FEFA187D2DDA0AC500C23333 /* TransactionFilter.swift */; };
		FEFA18812DDA44D600C23333 /* AuthServiceProtocol.swift in Sources */ = {isa = PBXBuildFile; fileRef = FEFA18802DDA44CD00C23333 /* AuthServiceProtocol.swift */; };
		FEFA18832DDA44FC00C23333 /* UserServiceProtocol.swift in Sources */ = {isa = PBXBuildFile; fileRef = FEFA18822DDA44F400C23333 /* UserServiceProtocol.swift */; };
		FEFA18852DDA452000C23333 /* TasksServiceProtocol.swift in Sources */ = {isa = PBXBuildFile; fileRef = FEFA18842DDA451900C23333 /* TasksServiceProtocol.swift */; };
		FEFA18872DDA454A00C23333 /* TransactionsServiceProtocol.swift in Sources */ = {isa = PBXBuildFile; fileRef = FEFA18862DDA454000C23333 /* TransactionsServiceProtocol.swift */; };
		FEFA188C2DDB8AB900C23333 /* HiveDetailView.swift in Sources */ = {isa = PBXBuildFile; fileRef = FEFA188B2DDB8AB900C23333 /* HiveDetailView.swift */; };
		FEFA188E2DDB8B3000C23333 /* Hive.swift in Sources */ = {isa = PBXBuildFile; fileRef = FEFA188D2DDB8B2D00C23333 /* Hive.swift */; };
		FEFA18982DDB9B6E00C23333 /* ExpandableMapView.swift in Sources */ = {isa = PBXBuildFile; fileRef = FEFA18972DDB9B6E00C23333 /* ExpandableMapView.swift */; };
/* End PBXBuildFile section */

/* Begin PBXFileReference section */
		FE50AB7B2DBAA41900CD6E72 /* HiveCardView.swift */ = {isa = PBXFileReference; lastKnownFileType = sourcecode.swift; path = HiveCardView.swift; sourceTree = "<group>"; };
		FE50AB7D2DBAA80500CD6E72 /* View+Ext.swift */ = {isa = PBXFileReference; lastKnownFileType = sourcecode.swift; path = "View+Ext.swift"; sourceTree = "<group>"; };
		FE50AB802DBAAC2800CD6E72 /* TabBarView.swift */ = {isa = PBXFileReference; lastKnownFileType = sourcecode.swift; path = TabBarView.swift; sourceTree = "<group>"; };
		FE50AB842DBBA84F00CD6E72 /* AuthDataResultModel.swift */ = {isa = PBXFileReference; lastKnownFileType = sourcecode.swift; path = AuthDataResultModel.swift; sourceTree = "<group>"; };
		FE50AB8B2DBBB22C00CD6E72 /* Info.plist */ = {isa = PBXFileReference; lastKnownFileType = text.plist; path = Info.plist; sourceTree = "<group>"; };
		FE50AB8C2DBBF6A200CD6E72 /* AuthProviderOption.swift */ = {isa = PBXFileReference; lastKnownFileType = sourcecode.swift; path = AuthProviderOption.swift; sourceTree = "<group>"; };
		FE50AB942DBC41C300CD6E72 /* UserService.swift */ = {isa = PBXFileReference; lastKnownFileType = sourcecode.swift; path = UserService.swift; sourceTree = "<group>"; };
		FE50AB9D2DBD6AB900CD6E72 /* DBUser.swift */ = {isa = PBXFileReference; lastKnownFileType = sourcecode.swift; path = DBUser.swift; sourceTree = "<group>"; };
		FE50ABA22DBE888800CD6E72 /* BeeTask.swift */ = {isa = PBXFileReference; lastKnownFileType = sourcecode.swift; path = BeeTask.swift; sourceTree = "<group>"; };
		FE50ABAD2DBEE9DB00CD6E72 /* EditProfileView.swift */ = {isa = PBXFileReference; lastKnownFileType = sourcecode.swift; path = EditProfileView.swift; sourceTree = "<group>"; };
		FE60575A2DA9C8A0004DC314 /* SettingsView.swift */ = {isa = PBXFileReference; lastKnownFileType = sourcecode.swift; path = SettingsView.swift; sourceTree = "<group>"; };
		FE6057692DAB0F23004DC314 /* AuthenticationError.swift */ = {isa = PBXFileReference; lastKnownFileType = sourcecode.swift; path = AuthenticationError.swift; sourceTree = "<group>"; };
		FE60576C2DAB13D2004DC314 /* SignInState.swift */ = {isa = PBXFileReference; lastKnownFileType = sourcecode.swift; path = SignInState.swift; sourceTree = "<group>"; };
		FE8DB24A2DABCFDE0026530B /* String+Ext.swift */ = {isa = PBXFileReference; lastKnownFileType = sourcecode.swift; path = "String+Ext.swift"; sourceTree = "<group>"; };
		FE8DB24F2DABD4CB0026530B /* AnimatedText.swift */ = {isa = PBXFileReference; lastKnownFileType = sourcecode.swift; path = AnimatedText.swift; sourceTree = "<group>"; };
		FE8DB2512DABDEF60026530B /* ForgotPasswordView.swift */ = {isa = PBXFileReference; lastKnownFileType = sourcecode.swift; path = ForgotPasswordView.swift; sourceTree = "<group>"; };
		FEB883DB2DE216C900D31380 /* HiveHeader.swift */ = {isa = PBXFileReference; lastKnownFileType = sourcecode.swift; path = HiveHeader.swift; sourceTree = "<group>"; };
		FEB883DE2DE348FB00D31380 /* HomeView.swift */ = {isa = PBXFileReference; lastKnownFileType = sourcecode.swift; path = HomeView.swift; sourceTree = "<group>"; };
		FEB883E22DE34A0800D31380 /* HomeViewModel.swift */ = {isa = PBXFileReference; lastKnownFileType = sourcecode.swift; path = HomeViewModel.swift; sourceTree = "<group>"; };
		FEB883E42DE34A7600D31380 /* HivesService.swift */ = {isa = PBXFileReference; lastKnownFileType = sourcecode.swift; path = HivesService.swift; sourceTree = "<group>"; };
		FEB883E62DE3A7A500D31380 /* LocationModel.swift */ = {isa = PBXFileReference; lastKnownFileType = sourcecode.swift; path = LocationModel.swift; sourceTree = "<group>"; };
		FEB883E92DE3C0A100D31380 /* MapViewForHives.swift */ = {isa = PBXFileReference; lastKnownFileType = sourcecode.swift; path = MapViewForHives.swift; sourceTree = "<group>"; };
		FEB883EB2DE3C9A700D31380 /* HivesListView.swift */ = {isa = PBXFileReference; lastKnownFileType = sourcecode.swift; path = HivesListView.swift; sourceTree = "<group>"; };
		FEB883ED2DE3CC8D00D31380 /* HiveListCell.swift */ = {isa = PBXFileReference; lastKnownFileType = sourcecode.swift; path = HiveListCell.swift; sourceTree = "<group>"; };
		FEB883F12DE3D69100D31380 /* AddHiveView.swift */ = {isa = PBXFileReference; lastKnownFileType = sourcecode.swift; path = AddHiveView.swift; sourceTree = "<group>"; };
		FEDE15782DA1C49D00DC4D17 /* RootView.swift */ = {isa = PBXFileReference; lastKnownFileType = sourcecode.swift; path = RootView.swift; sourceTree = "<group>"; };
		FEDE157C2DA1C8B800DC4D17 /* SignUpWithEmailView.swift */ = {isa = PBXFileReference; lastKnownFileType = sourcecode.swift; path = SignUpWithEmailView.swift; sourceTree = "<group>"; };
		FEED69AC2D96BCBB00F7A171 /* Beekeeper-SwiftUI.app */ = {isa = PBXFileReference; explicitFileType = wrapper.application; includeInIndex = 0; path = "Beekeeper-SwiftUI.app"; sourceTree = BUILT_PRODUCTS_DIR; };
		FEED69C92D96E15E00F7A171 /* Preview Assets.xcassets */ = {isa = PBXFileReference; lastKnownFileType = folder.assetcatalog; path = "Preview Assets.xcassets"; sourceTree = "<group>"; };
		FEED69CB2D96E15E00F7A171 /* Assets.xcassets */ = {isa = PBXFileReference; lastKnownFileType = folder.assetcatalog; path = Assets.xcassets; sourceTree = "<group>"; };
		FEED69CC2D96E15E00F7A171 /* AuthenticationView.swift */ = {isa = PBXFileReference; lastKnownFileType = sourcecode.swift; path = AuthenticationView.swift; sourceTree = "<group>"; };
		FEED69CD2D96E15E00F7A171 /* Beekeeper_SwiftUIApp.swift */ = {isa = PBXFileReference; lastKnownFileType = sourcecode.swift; path = Beekeeper_SwiftUIApp.swift; sourceTree = "<group>"; };
		FEED69CF2D96E15E00F7A171 /* GoogleService-Info.plist */ = {isa = PBXFileReference; lastKnownFileType = text.plist.xml; path = "GoogleService-Info.plist"; sourceTree = "<group>"; };
		FEED69D72D96E56300F7A171 /* SignInWithEmailView.swift */ = {isa = PBXFileReference; lastKnownFileType = sourcecode.swift; path = SignInWithEmailView.swift; sourceTree = "<group>"; };
		FEED69DF2D96E9AD00F7A171 /* AuthenticationService.swift */ = {isa = PBXFileReference; lastKnownFileType = sourcecode.swift; path = AuthenticationService.swift; sourceTree = "<group>"; };
		FEED69E12D96EB0700F7A171 /* AuthenticationViewModel.swift */ = {isa = PBXFileReference; lastKnownFileType = sourcecode.swift; path = AuthenticationViewModel.swift; sourceTree = "<group>"; };
		FEFA18582DD618A100C23333 /* TasksView.swift */ = {isa = PBXFileReference; lastKnownFileType = sourcecode.swift; path = TasksView.swift; sourceTree = "<group>"; };
		FEFA185D2DD6192200C23333 /* TaskCellView.swift */ = {isa = PBXFileReference; lastKnownFileType = sourcecode.swift; path = TaskCellView.swift; sourceTree = "<group>"; };
		FEFA185F2DD637D000C23333 /* TasksViewModel.swift */ = {isa = PBXFileReference; lastKnownFileType = sourcecode.swift; path = TasksViewModel.swift; sourceTree = "<group>"; };
		FEFA18612DD6381400C23333 /* TasksService.swift */ = {isa = PBXFileReference; lastKnownFileType = sourcecode.swift; path = TasksService.swift; sourceTree = "<group>"; };
		FEFA18632DD652AE00C23333 /* AddTaskView.swift */ = {isa = PBXFileReference; lastKnownFileType = sourcecode.swift; path = AddTaskView.swift; sourceTree = "<group>"; };
		FEFA18652DD6794600C23333 /* LoadingIndicatorView.swift */ = {isa = PBXFileReference; lastKnownFileType = sourcecode.swift; path = LoadingIndicatorView.swift; sourceTree = "<group>"; };
		FEFA18692DD7579400C23333 /* TransactionsView.swift */ = {isa = PBXFileReference; lastKnownFileType = sourcecode.swift; path = TransactionsView.swift; sourceTree = "<group>"; };
		FEFA186D2DD75E7200C23333 /* TransactionModel.swift */ = {isa = PBXFileReference; lastKnownFileType = sourcecode.swift; path = TransactionModel.swift; sourceTree = "<group>"; };
		FEFA186F2DD760E600C23333 /* TransactionsService.swift */ = {isa = PBXFileReference; lastKnownFileType = sourcecode.swift; path = TransactionsService.swift; sourceTree = "<group>"; };
		FEFA18712DD7614400C23333 /* TransactionsViewModel.swift */ = {isa = PBXFileReference; lastKnownFileType = sourcecode.swift; path = TransactionsViewModel.swift; sourceTree = "<group>"; };
		FEFA18732DD76A9600C23333 /* TransactionRowCell.swift */ = {isa = PBXFileReference; lastKnownFileType = sourcecode.swift; path = TransactionRowCell.swift; sourceTree = "<group>"; };
		FEFA18752DD778AB00C23333 /* Double+Ext.swift */ = {isa = PBXFileReference; lastKnownFileType = sourcecode.swift; path = "Double+Ext.swift"; sourceTree = "<group>"; };
		FEFA18772DD778C100C23333 /* Date+Ext.swift */ = {isa = PBXFileReference; lastKnownFileType = sourcecode.swift; path = "Date+Ext.swift"; sourceTree = "<group>"; };
		FEFA18792DD9F70C00C23333 /* AllTransactionsView.swift */ = {isa = PBXFileReference; lastKnownFileType = sourcecode.swift; path = AllTransactionsView.swift; sourceTree = "<group>"; };
		FEFA187B2DD9F77400C23333 /* AddTransactionView.swift */ = {isa = PBXFileReference; lastKnownFileType = sourcecode.swift; path = AddTransactionView.swift; sourceTree = "<group>"; };
		FEFA187D2DDA0AC500C23333 /* TransactionFilter.swift */ = {isa = PBXFileReference; lastKnownFileType = sourcecode.swift; path = TransactionFilter.swift; sourceTree = "<group>"; };
		FEFA18802DDA44CD00C23333 /* AuthServiceProtocol.swift */ = {isa = PBXFileReference; lastKnownFileType = sourcecode.swift; path = AuthServiceProtocol.swift; sourceTree = "<group>"; };
		FEFA18822DDA44F400C23333 /* UserServiceProtocol.swift */ = {isa = PBXFileReference; lastKnownFileType = sourcecode.swift; path = UserServiceProtocol.swift; sourceTree = "<group>"; };
		FEFA18842DDA451900C23333 /* TasksServiceProtocol.swift */ = {isa = PBXFileReference; lastKnownFileType = sourcecode.swift; path = TasksServiceProtocol.swift; sourceTree = "<group>"; };
		FEFA18862DDA454000C23333 /* TransactionsServiceProtocol.swift */ = {isa = PBXFileReference; lastKnownFileType = sourcecode.swift; path = TransactionsServiceProtocol.swift; sourceTree = "<group>"; };
		FEFA188B2DDB8AB900C23333 /* HiveDetailView.swift */ = {isa = PBXFileReference; lastKnownFileType = sourcecode.swift; path = HiveDetailView.swift; sourceTree = "<group>"; };
		FEFA188D2DDB8B2D00C23333 /* Hive.swift */ = {isa = PBXFileReference; lastKnownFileType = sourcecode.swift; path = Hive.swift; sourceTree = "<group>"; };
		FEFA18972DDB9B6E00C23333 /* ExpandableMapView.swift */ = {isa = PBXFileReference; lastKnownFileType = sourcecode.swift; path = ExpandableMapView.swift; sourceTree = "<group>"; };
/* End PBXFileReference section */

/* Begin PBXFrameworksBuildPhase section */
		FEED69A92D96BCBB00F7A171 /* Frameworks */ = {
			isa = PBXFrameworksBuildPhase;
			buildActionMask = 2147483647;
			files = (
				FEED69C12D96CC7900F7A171 /* FirebaseAnalytics in Frameworks */,
				FEED69C42D96E00700F7A171 /* FirebaseAuth in Frameworks */,
				FE50AB882DBBB1D900CD6E72 /* GoogleSignIn in Frameworks */,
				FE50AB932DBC3B9E00CD6E72 /* FirebaseFirestore in Frameworks */,
				FE50AB8A2DBBB1D900CD6E72 /* GoogleSignInSwift in Frameworks */,
			);
			runOnlyForDeploymentPostprocessing = 0;
		};
/* End PBXFrameworksBuildPhase section */

/* Begin PBXGroup section */
		FE50AB7F2DBAABFE00CD6E72 /* Main */ = {
			isa = PBXGroup;
			children = (
				FE50AB822DBBA7BB00CD6E72 /* TabBar */,
				FEFA188A2DDB8AA600C23333 /* Hives */,
				FEFA185A2DD618A700C23333 /* Tasks */,
				FEFA18682DD756FF00C23333 /* Transactions */,
				FEFA18672DD67CD800C23333 /* Settings */,
			);
			path = Main;
			sourceTree = "<group>";
		};
		FE50AB822DBBA7BB00CD6E72 /* TabBar */ = {
			isa = PBXGroup;
			children = (
				FE50AB802DBAAC2800CD6E72 /* TabBarView.swift */,
			);
			path = TabBar;
			sourceTree = "<group>";
		};
		FE50AB832DBBA83500CD6E72 /* Models */ = {
			isa = PBXGroup;
			children = (
				FE50AB9D2DBD6AB900CD6E72 /* DBUser.swift */,
				FE50AB842DBBA84F00CD6E72 /* AuthDataResultModel.swift */,
				FE50ABA22DBE888800CD6E72 /* BeeTask.swift */,
				FEFA186D2DD75E7200C23333 /* TransactionModel.swift */,
				FEB883E62DE3A7A500D31380 /* LocationModel.swift */,
				FEFA188D2DDB8B2D00C23333 /* Hive.swift */,
				FEFA187D2DDA0AC500C23333 /* TransactionFilter.swift */,
				FE50AB8C2DBBF6A200CD6E72 /* AuthProviderOption.swift */,
				FE60576C2DAB13D2004DC314 /* SignInState.swift */,
				FE60576E2DAB25D5004DC314 /* Service */,
			);
			path = Models;
			sourceTree = "<group>";
		};
		FE6057672DAB0CF5004DC314 /* Authentication */ = {
			isa = PBXGroup;
			children = (
				FE8DB2532DABE2C40026530B /* ViewModel */,
				FE8DB2542DABE2CD0026530B /* Views */,
			);
			path = Authentication;
			sourceTree = "<group>";
		};
		FE60576E2DAB25D5004DC314 /* Service */ = {
			isa = PBXGroup;
			children = (
				FEFA187F2DDA449E00C23333 /* Protocols */,
				FEB883E82DE3A9A600D31380 /* Services */,
			);
			path = Service;
			sourceTree = "<group>";
		};
		FE60576F2DAB2C8E004DC314 /* Utils */ = {
			isa = PBXGroup;
			children = (
				FE6057692DAB0F23004DC314 /* AuthenticationError.swift */,
				FE8DB24F2DABD4CB0026530B /* AnimatedText.swift */,
				FEFA18652DD6794600C23333 /* LoadingIndicatorView.swift */,
			);
			path = Utils;
			sourceTree = "<group>";
		};
		FE8DB24C2DABCFF00026530B /* Extensions */ = {
			isa = PBXGroup;
			children = (
				FE8DB24A2DABCFDE0026530B /* String+Ext.swift */,
				FE50AB7D2DBAA80500CD6E72 /* View+Ext.swift */,
				FEFA18752DD778AB00C23333 /* Double+Ext.swift */,
				FEFA18772DD778C100C23333 /* Date+Ext.swift */,
			);
			path = Extensions;
			sourceTree = "<group>";
		};
		FE8DB2532DABE2C40026530B /* ViewModel */ = {
			isa = PBXGroup;
			children = (
				FEED69E12D96EB0700F7A171 /* AuthenticationViewModel.swift */,
			);
			path = ViewModel;
			sourceTree = "<group>";
		};
		FE8DB2542DABE2CD0026530B /* Views */ = {
			isa = PBXGroup;
			children = (
				FEED69CC2D96E15E00F7A171 /* AuthenticationView.swift */,
				FEED69D72D96E56300F7A171 /* SignInWithEmailView.swift */,
				FEDE157C2DA1C8B800DC4D17 /* SignUpWithEmailView.swift */,
				FE8DB2512DABDEF60026530B /* ForgotPasswordView.swift */,
			);
			path = Views;
			sourceTree = "<group>";
		};
		FEB883DA2DE2167C00D31380 /* HiveDetail */ = {
			isa = PBXGroup;
			children = (
				FEFA188B2DDB8AB900C23333 /* HiveDetailView.swift */,
				FEFA18972DDB9B6E00C23333 /* ExpandableMapView.swift */,
				FEB883DB2DE216C900D31380 /* HiveHeader.swift */,
			);
			path = HiveDetail;
			sourceTree = "<group>";
		};
		FEB883DD2DE348D800D31380 /* Home */ = {
			isa = PBXGroup;
			children = (
				FEB883E02DE349E400D31380 /* ViewModel */,
				FEB883E12DE349F000D31380 /* View */,
			);
			path = Home;
			sourceTree = "<group>";
		};
		FEB883E02DE349E400D31380 /* ViewModel */ = {
			isa = PBXGroup;
			children = (
				FEB883E22DE34A0800D31380 /* HomeViewModel.swift */,
			);
			path = ViewModel;
			sourceTree = "<group>";
		};
		FEB883E12DE349F000D31380 /* View */ = {
			isa = PBXGroup;
			children = (
				FEB883DE2DE348FB00D31380 /* HomeView.swift */,
				FEB883E92DE3C0A100D31380 /* MapViewForHives.swift */,
				FE50AB7B2DBAA41900CD6E72 /* HiveCardView.swift */,
				FEB883EB2DE3C9A700D31380 /* HivesListView.swift */,
				FEB883ED2DE3CC8D00D31380 /* HiveListCell.swift */,
				FEB883F12DE3D69100D31380 /* AddHiveView.swift */,
			);
			path = View;
			sourceTree = "<group>";
		};
		FEB883E82DE3A9A600D31380 /* Services */ = {
			isa = PBXGroup;
			children = (
				FEED69DF2D96E9AD00F7A171 /* AuthenticationService.swift */,
				FE50AB942DBC41C300CD6E72 /* UserService.swift */,
				FEFA18612DD6381400C23333 /* TasksService.swift */,
				FEFA186F2DD760E600C23333 /* TransactionsService.swift */,
				FEB883E42DE34A7600D31380 /* HivesService.swift */,
			);
			path = Services;
			sourceTree = "<group>";
		};
		FEED69A32D96BCBB00F7A171 = {
			isa = PBXGroup;
			children = (
				FEED69D02D96E15E00F7A171 /* Beekeeper-SwiftUI */,
				FEED69C22D96E00700F7A171 /* Frameworks */,
				FEED69AD2D96BCBB00F7A171 /* Products */,
			);
			sourceTree = "<group>";
		};
		FEED69AD2D96BCBB00F7A171 /* Products */ = {
			isa = PBXGroup;
			children = (
				FEED69AC2D96BCBB00F7A171 /* Beekeeper-SwiftUI.app */,
			);
			name = Products;
			sourceTree = "<group>";
		};
		FEED69C22D96E00700F7A171 /* Frameworks */ = {
			isa = PBXGroup;
			children = (
			);
			name = Frameworks;
			sourceTree = "<group>";
		};
		FEED69CA2D96E15E00F7A171 /* Preview Content */ = {
			isa = PBXGroup;
			children = (
				FEED69C92D96E15E00F7A171 /* Preview Assets.xcassets */,
			);
			path = "Preview Content";
			sourceTree = "<group>";
		};
		FEED69D02D96E15E00F7A171 /* Beekeeper-SwiftUI */ = {
			isa = PBXGroup;
			children = (
				FE50AB8B2DBBB22C00CD6E72 /* Info.plist */,
				FEED69CD2D96E15E00F7A171 /* Beekeeper_SwiftUIApp.swift */,
				FEDE15782DA1C49D00DC4D17 /* RootView.swift */,
				FE50AB832DBBA83500CD6E72 /* Models */,
				FE6057672DAB0CF5004DC314 /* Authentication */,
				FE50AB7F2DBAABFE00CD6E72 /* Main */,
				FE60576F2DAB2C8E004DC314 /* Utils */,
				FE8DB24C2DABCFF00026530B /* Extensions */,
				FEED69CA2D96E15E00F7A171 /* Preview Content */,
				FEED69CB2D96E15E00F7A171 /* Assets.xcassets */,
				FEED69CF2D96E15E00F7A171 /* GoogleService-Info.plist */,
			);
			path = "Beekeeper-SwiftUI";
			sourceTree = "<group>";
		};
		FEFA185A2DD618A700C23333 /* Tasks */ = {
			isa = PBXGroup;
			children = (
				FEFA185C2DD618C000C23333 /* ViewModel */,
				FEFA185B2DD618B700C23333 /* View */,
			);
			path = Tasks;
			sourceTree = "<group>";
		};
		FEFA185B2DD618B700C23333 /* View */ = {
			isa = PBXGroup;
			children = (
				FEFA18582DD618A100C23333 /* TasksView.swift */,
				FEFA185D2DD6192200C23333 /* TaskCellView.swift */,
				FEFA18632DD652AE00C23333 /* AddTaskView.swift */,
			);
			path = View;
			sourceTree = "<group>";
		};
		FEFA185C2DD618C000C23333 /* ViewModel */ = {
			isa = PBXGroup;
			children = (
				FEFA185F2DD637D000C23333 /* TasksViewModel.swift */,
			);
			path = ViewModel;
			sourceTree = "<group>";
		};
		FEFA18672DD67CD800C23333 /* Settings */ = {
			isa = PBXGroup;
			children = (
				FE60575A2DA9C8A0004DC314 /* SettingsView.swift */,
				FE50ABAD2DBEE9DB00CD6E72 /* EditProfileView.swift */,
			);
			path = Settings;
			sourceTree = "<group>";
		};
		FEFA18682DD756FF00C23333 /* Transactions */ = {
			isa = PBXGroup;
			children = (
				FEFA186C2DD7579F00C23333 /* ViewModel */,
				FEFA186B2DD7579800C23333 /* View */,
			);
			path = Transactions;
			sourceTree = "<group>";
		};
		FEFA186B2DD7579800C23333 /* View */ = {
			isa = PBXGroup;
			children = (
				FEFA18692DD7579400C23333 /* TransactionsView.swift */,
				FEFA18792DD9F70C00C23333 /* AllTransactionsView.swift */,
				FEFA187B2DD9F77400C23333 /* AddTransactionView.swift */,
				FEFA18732DD76A9600C23333 /* TransactionRowCell.swift */,
			);
			path = View;
			sourceTree = "<group>";
		};
		FEFA186C2DD7579F00C23333 /* ViewModel */ = {
			isa = PBXGroup;
			children = (
				FEFA18712DD7614400C23333 /* TransactionsViewModel.swift */,
			);
			path = ViewModel;
			sourceTree = "<group>";
		};
		FEFA187F2DDA449E00C23333 /* Protocols */ = {
			isa = PBXGroup;
			children = (
				FEFA18862DDA454000C23333 /* TransactionsServiceProtocol.swift */,
				FEFA18842DDA451900C23333 /* TasksServiceProtocol.swift */,
				FEFA18822DDA44F400C23333 /* UserServiceProtocol.swift */,
				FEFA18802DDA44CD00C23333 /* AuthServiceProtocol.swift */,
			);
			path = Protocols;
			sourceTree = "<group>";
		};
		FEFA188A2DDB8AA600C23333 /* Hives */ = {
			isa = PBXGroup;
			children = (
				FEB883DD2DE348D800D31380 /* Home */,
				FEB883DA2DE2167C00D31380 /* HiveDetail */,
			);
			path = Hives;
			sourceTree = "<group>";
		};
/* End PBXGroup section */

/* Begin PBXNativeTarget section */
		FEED69AB2D96BCBB00F7A171 /* Beekeeper-SwiftUI */ = {
			isa = PBXNativeTarget;
			buildConfigurationList = FEED69BA2D96BCBC00F7A171 /* Build configuration list for PBXNativeTarget "Beekeeper-SwiftUI" */;
			buildPhases = (
				FEED69A82D96BCBB00F7A171 /* Sources */,
				FEED69A92D96BCBB00F7A171 /* Frameworks */,
				FEED69AA2D96BCBB00F7A171 /* Resources */,
			);
			buildRules = (
			);
			dependencies = (
			);
			name = "Beekeeper-SwiftUI";
			packageProductDependencies = (
				FEED69C02D96CC7900F7A171 /* FirebaseAnalytics */,
				FEED69C32D96E00700F7A171 /* FirebaseAuth */,
				FE50AB872DBBB1D900CD6E72 /* GoogleSignIn */,
				FE50AB892DBBB1D900CD6E72 /* GoogleSignInSwift */,
				FE50AB922DBC3B9E00CD6E72 /* FirebaseFirestore */,
			);
			productName = "Beekeeper-SwiftUI";
			productReference = FEED69AC2D96BCBB00F7A171 /* Beekeeper-SwiftUI.app */;
			productType = "com.apple.product-type.application";
		};
/* End PBXNativeTarget section */

/* Begin PBXProject section */
		FEED69A42D96BCBB00F7A171 /* Project object */ = {
			isa = PBXProject;
			attributes = {
				BuildIndependentTargetsInParallel = 1;
				LastSwiftUpdateCheck = 1620;
				LastUpgradeCheck = 1630;
				TargetAttributes = {
					FEED69AB2D96BCBB00F7A171 = {
						CreatedOnToolsVersion = 16.2;
					};
				};
			};
			buildConfigurationList = FEED69A72D96BCBB00F7A171 /* Build configuration list for PBXProject "Beekeeper-SwiftUI" */;
			developmentRegion = en;
			hasScannedForEncodings = 0;
			knownRegions = (
				en,
				Base,
			);
			mainGroup = FEED69A32D96BCBB00F7A171;
			minimizedProjectReferenceProxies = 1;
			packageReferences = (
				FEED69BF2D96CC7900F7A171 /* XCRemoteSwiftPackageReference "firebase-ios-sdk" */,
				FE50AB862DBBB1D900CD6E72 /* XCRemoteSwiftPackageReference "GoogleSignIn-iOS" */,
			);
			preferredProjectObjectVersion = 77;
			productRefGroup = FEED69AD2D96BCBB00F7A171 /* Products */;
			projectDirPath = "";
			projectRoot = "";
			targets = (
				FEED69AB2D96BCBB00F7A171 /* Beekeeper-SwiftUI */,
			);
		};
/* End PBXProject section */

/* Begin PBXResourcesBuildPhase section */
		FEED69AA2D96BCBB00F7A171 /* Resources */ = {
			isa = PBXResourcesBuildPhase;
			buildActionMask = 2147483647;
			files = (
				FEED69D42D96E15E00F7A171 /* Preview Assets.xcassets in Resources */,
				FEED69D52D96E15E00F7A171 /* Assets.xcassets in Resources */,
				FEED69D62D96E15E00F7A171 /* GoogleService-Info.plist in Resources */,
			);
			runOnlyForDeploymentPostprocessing = 0;
		};
/* End PBXResourcesBuildPhase section */

/* Begin PBXSourcesBuildPhase section */
		FEED69A82D96BCBB00F7A171 /* Sources */ = {
			isa = PBXSourcesBuildPhase;
			buildActionMask = 2147483647;
			files = (
				FEFA18722DD7614400C23333 /* TransactionsViewModel.swift in Sources */,
				FEFA18702DD760E600C23333 /* TransactionsService.swift in Sources */,
				FEFA18602DD637D000C23333 /* TasksViewModel.swift in Sources */,
				FEB883EA2DE3C0AB00D31380 /* MapViewForHives.swift in Sources */,
				FEFA18642DD652AE00C23333 /* AddTaskView.swift in Sources */,
				FEFA186A2DD7579400C23333 /* TransactionsView.swift in Sources */,
				FEB883EC2DE3C9A700D31380 /* HivesListView.swift in Sources */,
				FEFA18662DD6794600C23333 /* LoadingIndicatorView.swift in Sources */,
				FEDE157D2DA1C8B800DC4D17 /* SignUpWithEmailView.swift in Sources */,
				FE50AB7E2DBAA80500CD6E72 /* View+Ext.swift in Sources */,
				FEFA188C2DDB8AB900C23333 /* HiveDetailView.swift in Sources */,
				FE8DB2502DABD4CB0026530B /* AnimatedText.swift in Sources */,
				FE50AB9E2DBD6ABD00CD6E72 /* DBUser.swift in Sources */,
				FEFA18782DD778C100C23333 /* Date+Ext.swift in Sources */,
				FE50AB852DBBA84F00CD6E72 /* AuthDataResultModel.swift in Sources */,
				FE50ABA32DBE889300CD6E72 /* BeeTask.swift in Sources */,
				FEFA185E2DD6192200C23333 /* TaskCellView.swift in Sources */,
				FEB883E32DE34A0800D31380 /* HomeViewModel.swift in Sources */,
				FEFA187A2DD9F70C00C23333 /* AllTransactionsView.swift in Sources */,
				FEFA18592DD618A100C23333 /* TasksView.swift in Sources */,
				FEB883E52DE34A7600D31380 /* HivesService.swift in Sources */,
				FEFA187C2DD9F77400C23333 /* AddTransactionView.swift in Sources */,
				FEB883DC2DE216C900D31380 /* HiveHeader.swift in Sources */,
				FEFA18832DDA44FC00C23333 /* UserServiceProtocol.swift in Sources */,
				FEB883E72DE3A7A800D31380 /* LocationModel.swift in Sources */,
				FE50AB952DBC41C300CD6E72 /* UserService.swift in Sources */,
				FE60575B2DA9C8A0004DC314 /* SettingsView.swift in Sources */,
				FE50AB812DBAAC2800CD6E72 /* TabBarView.swift in Sources */,
				FEFA18622DD6381400C23333 /* TasksService.swift in Sources */,
				FE50ABAE2DBEE9DB00CD6E72 /* EditProfileView.swift in Sources */,
				FEFA187E2DDA0ACA00C23333 /* TransactionFilter.swift in Sources */,
				FEFA18872DDA454A00C23333 /* TransactionsServiceProtocol.swift in Sources */,
				FE50AB8D2DBBF6A200CD6E72 /* AuthProviderOption.swift in Sources */,
				FEED69D12D96E15E00F7A171 /* AuthenticationView.swift in Sources */,
				FEFA18742DD76A9600C23333 /* TransactionRowCell.swift in Sources */,
				FEED69D22D96E15E00F7A171 /* Beekeeper_SwiftUIApp.swift in Sources */,
				FEED69E22D96EB0700F7A171 /* AuthenticationViewModel.swift in Sources */,
				FE50AB7C2DBAA41900CD6E72 /* HiveCardView.swift in Sources */,
				FEFA186E2DD75E7200C23333 /* TransactionModel.swift in Sources */,
				FEDE15792DA1C49D00DC4D17 /* RootView.swift in Sources */,
				FEFA18812DDA44D600C23333 /* AuthServiceProtocol.swift in Sources */,
				FEED69E02D96E9AD00F7A171 /* AuthenticationService.swift in Sources */,
				FEB883F22DE3D69100D31380 /* AddHiveView.swift in Sources */,
				FEFA188E2DDB8B3000C23333 /* Hive.swift in Sources */,
				FEB883EE2DE3CC8D00D31380 /* HiveListCell.swift in Sources */,
				FEB883DF2DE348FB00D31380 /* HomeView.swift in Sources */,
				FEFA18852DDA452000C23333 /* TasksServiceProtocol.swift in Sources */,
				FE8DB2522DABDEF60026530B /* ForgotPasswordView.swift in Sources */,
				FEFA18762DD778AB00C23333 /* Double+Ext.swift in Sources */,
				FEED69D82D96E56300F7A171 /* SignInWithEmailView.swift in Sources */,
				FE60576D2DAB13D2004DC314 /* SignInState.swift in Sources */,
				FE60576A2DAB0F23004DC314 /* AuthenticationError.swift in Sources */,
				FEFA18982DDB9B6E00C23333 /* ExpandableMapView.swift in Sources */,
				FE8DB24B2DABCFDE0026530B /* String+Ext.swift in Sources */,
			);
			runOnlyForDeploymentPostprocessing = 0;
		};
/* End PBXSourcesBuildPhase section */

/* Begin XCBuildConfiguration section */
		FEED69B82D96BCBC00F7A171 /* Debug */ = {
			isa = XCBuildConfiguration;
			buildSettings = {
				ALWAYS_SEARCH_USER_PATHS = NO;
				ASSETCATALOG_COMPILER_GENERATE_SWIFT_ASSET_SYMBOL_EXTENSIONS = YES;
				CLANG_ANALYZER_NONNULL = YES;
				CLANG_ANALYZER_NUMBER_OBJECT_CONVERSION = YES_AGGRESSIVE;
				CLANG_CXX_LANGUAGE_STANDARD = "gnu++20";
				CLANG_ENABLE_MODULES = YES;
				CLANG_ENABLE_OBJC_ARC = YES;
				CLANG_ENABLE_OBJC_WEAK = YES;
				CLANG_WARN_BLOCK_CAPTURE_AUTORELEASING = YES;
				CLANG_WARN_BOOL_CONVERSION = YES;
				CLANG_WARN_COMMA = YES;
				CLANG_WARN_CONSTANT_CONVERSION = YES;
				CLANG_WARN_DEPRECATED_OBJC_IMPLEMENTATIONS = YES;
				CLANG_WARN_DIRECT_OBJC_ISA_USAGE = YES_ERROR;
				CLANG_WARN_DOCUMENTATION_COMMENTS = YES;
				CLANG_WARN_EMPTY_BODY = YES;
				CLANG_WARN_ENUM_CONVERSION = YES;
				CLANG_WARN_INFINITE_RECURSION = YES;
				CLANG_WARN_INT_CONVERSION = YES;
				CLANG_WARN_NON_LITERAL_NULL_CONVERSION = YES;
				CLANG_WARN_OBJC_IMPLICIT_RETAIN_SELF = YES;
				CLANG_WARN_OBJC_LITERAL_CONVERSION = YES;
				CLANG_WARN_OBJC_ROOT_CLASS = YES_ERROR;
				CLANG_WARN_QUOTED_INCLUDE_IN_FRAMEWORK_HEADER = YES;
				CLANG_WARN_RANGE_LOOP_ANALYSIS = YES;
				CLANG_WARN_STRICT_PROTOTYPES = YES;
				CLANG_WARN_SUSPICIOUS_MOVE = YES;
				CLANG_WARN_UNGUARDED_AVAILABILITY = YES_AGGRESSIVE;
				CLANG_WARN_UNREACHABLE_CODE = YES;
				CLANG_WARN__DUPLICATE_METHOD_MATCH = YES;
				COPY_PHASE_STRIP = NO;
				DEBUG_INFORMATION_FORMAT = dwarf;
				DEVELOPMENT_TEAM = 4Z458N49ZH;
				ENABLE_STRICT_OBJC_MSGSEND = YES;
				ENABLE_TESTABILITY = YES;
				ENABLE_USER_SCRIPT_SANDBOXING = YES;
				GCC_C_LANGUAGE_STANDARD = gnu17;
				GCC_DYNAMIC_NO_PIC = NO;
				GCC_NO_COMMON_BLOCKS = YES;
				GCC_OPTIMIZATION_LEVEL = 0;
				GCC_PREPROCESSOR_DEFINITIONS = (
					"DEBUG=1",
					"$(inherited)",
				);
				GCC_WARN_64_TO_32_BIT_CONVERSION = YES;
				GCC_WARN_ABOUT_RETURN_TYPE = YES_ERROR;
				GCC_WARN_UNDECLARED_SELECTOR = YES;
				GCC_WARN_UNINITIALIZED_AUTOS = YES_AGGRESSIVE;
				GCC_WARN_UNUSED_FUNCTION = YES;
				GCC_WARN_UNUSED_VARIABLE = YES;
				IPHONEOS_DEPLOYMENT_TARGET = 18.2;
				LOCALIZATION_PREFERS_STRING_CATALOGS = YES;
				MTL_ENABLE_DEBUG_INFO = INCLUDE_SOURCE;
				MTL_FAST_MATH = YES;
				ONLY_ACTIVE_ARCH = YES;
				SDKROOT = iphoneos;
				SWIFT_ACTIVE_COMPILATION_CONDITIONS = "DEBUG $(inherited)";
				SWIFT_OPTIMIZATION_LEVEL = "-Onone";
			};
			name = Debug;
		};
		FEED69B92D96BCBC00F7A171 /* Release */ = {
			isa = XCBuildConfiguration;
			buildSettings = {
				ALWAYS_SEARCH_USER_PATHS = NO;
				ASSETCATALOG_COMPILER_GENERATE_SWIFT_ASSET_SYMBOL_EXTENSIONS = YES;
				CLANG_ANALYZER_NONNULL = YES;
				CLANG_ANALYZER_NUMBER_OBJECT_CONVERSION = YES_AGGRESSIVE;
				CLANG_CXX_LANGUAGE_STANDARD = "gnu++20";
				CLANG_ENABLE_MODULES = YES;
				CLANG_ENABLE_OBJC_ARC = YES;
				CLANG_ENABLE_OBJC_WEAK = YES;
				CLANG_WARN_BLOCK_CAPTURE_AUTORELEASING = YES;
				CLANG_WARN_BOOL_CONVERSION = YES;
				CLANG_WARN_COMMA = YES;
				CLANG_WARN_CONSTANT_CONVERSION = YES;
				CLANG_WARN_DEPRECATED_OBJC_IMPLEMENTATIONS = YES;
				CLANG_WARN_DIRECT_OBJC_ISA_USAGE = YES_ERROR;
				CLANG_WARN_DOCUMENTATION_COMMENTS = YES;
				CLANG_WARN_EMPTY_BODY = YES;
				CLANG_WARN_ENUM_CONVERSION = YES;
				CLANG_WARN_INFINITE_RECURSION = YES;
				CLANG_WARN_INT_CONVERSION = YES;
				CLANG_WARN_NON_LITERAL_NULL_CONVERSION = YES;
				CLANG_WARN_OBJC_IMPLICIT_RETAIN_SELF = YES;
				CLANG_WARN_OBJC_LITERAL_CONVERSION = YES;
				CLANG_WARN_OBJC_ROOT_CLASS = YES_ERROR;
				CLANG_WARN_QUOTED_INCLUDE_IN_FRAMEWORK_HEADER = YES;
				CLANG_WARN_RANGE_LOOP_ANALYSIS = YES;
				CLANG_WARN_STRICT_PROTOTYPES = YES;
				CLANG_WARN_SUSPICIOUS_MOVE = YES;
				CLANG_WARN_UNGUARDED_AVAILABILITY = YES_AGGRESSIVE;
				CLANG_WARN_UNREACHABLE_CODE = YES;
				CLANG_WARN__DUPLICATE_METHOD_MATCH = YES;
				COPY_PHASE_STRIP = NO;
				DEBUG_INFORMATION_FORMAT = "dwarf-with-dsym";
				DEVELOPMENT_TEAM = 4Z458N49ZH;
				ENABLE_NS_ASSERTIONS = NO;
				ENABLE_STRICT_OBJC_MSGSEND = YES;
				ENABLE_USER_SCRIPT_SANDBOXING = YES;
				GCC_C_LANGUAGE_STANDARD = gnu17;
				GCC_NO_COMMON_BLOCKS = YES;
				GCC_WARN_64_TO_32_BIT_CONVERSION = YES;
				GCC_WARN_ABOUT_RETURN_TYPE = YES_ERROR;
				GCC_WARN_UNDECLARED_SELECTOR = YES;
				GCC_WARN_UNINITIALIZED_AUTOS = YES_AGGRESSIVE;
				GCC_WARN_UNUSED_FUNCTION = YES;
				GCC_WARN_UNUSED_VARIABLE = YES;
				IPHONEOS_DEPLOYMENT_TARGET = 18.2;
				LOCALIZATION_PREFERS_STRING_CATALOGS = YES;
				MTL_ENABLE_DEBUG_INFO = NO;
				MTL_FAST_MATH = YES;
				SDKROOT = iphoneos;
				SWIFT_COMPILATION_MODE = wholemodule;
				VALIDATE_PRODUCT = YES;
			};
			name = Release;
		};
		FEED69BB2D96BCBC00F7A171 /* Debug */ = {
			isa = XCBuildConfiguration;
			buildSettings = {
				ASSETCATALOG_COMPILER_APPICON_NAME = AppIcon;
				ASSETCATALOG_COMPILER_GLOBAL_ACCENT_COLOR_NAME = AccentColor;
				CODE_SIGN_STYLE = Automatic;
				CURRENT_PROJECT_VERSION = 1;
				DEVELOPMENT_ASSET_PATHS = "\"Beekeeper-SwiftUI/Preview Content\"";
				ENABLE_PREVIEWS = YES;
				GENERATE_INFOPLIST_FILE = YES;
				INFOPLIST_FILE = "Beekeeper-SwiftUI/Info.plist";
				INFOPLIST_KEY_UIApplicationSceneManifest_Generation = YES;
				INFOPLIST_KEY_UIApplicationSupportsIndirectInputEvents = YES;
				INFOPLIST_KEY_UILaunchScreen_Generation = YES;
				INFOPLIST_KEY_UISupportedInterfaceOrientations_iPad = "UIInterfaceOrientationPortrait UIInterfaceOrientationPortraitUpsideDown UIInterfaceOrientationLandscapeLeft UIInterfaceOrientationLandscapeRight";
				INFOPLIST_KEY_UISupportedInterfaceOrientations_iPhone = "UIInterfaceOrientationPortrait UIInterfaceOrientationLandscapeLeft UIInterfaceOrientationLandscapeRight";
				LD_RUNPATH_SEARCH_PATHS = (
					"$(inherited)",
					"@executable_path/Frameworks",
				);
				MARKETING_VERSION = 1.0;
				PRODUCT_BUNDLE_IDENTIFIER = "co.pawelrudnik.Beekeeper-SwiftUI";
				PRODUCT_NAME = "$(TARGET_NAME)";
				SWIFT_EMIT_LOC_STRINGS = YES;
				SWIFT_VERSION = 5.0;
				TARGETED_DEVICE_FAMILY = "1,2";
			};
			name = Debug;
		};
		FEED69BC2D96BCBC00F7A171 /* Release */ = {
			isa = XCBuildConfiguration;
			buildSettings = {
				ASSETCATALOG_COMPILER_APPICON_NAME = AppIcon;
				ASSETCATALOG_COMPILER_GLOBAL_ACCENT_COLOR_NAME = AccentColor;
				CODE_SIGN_STYLE = Automatic;
				CURRENT_PROJECT_VERSION = 1;
				DEVELOPMENT_ASSET_PATHS = "\"Beekeeper-SwiftUI/Preview Content\"";
				ENABLE_PREVIEWS = YES;
				GENERATE_INFOPLIST_FILE = YES;
				INFOPLIST_FILE = "Beekeeper-SwiftUI/Info.plist";
				INFOPLIST_KEY_UIApplicationSceneManifest_Generation = YES;
				INFOPLIST_KEY_UIApplicationSupportsIndirectInputEvents = YES;
				INFOPLIST_KEY_UILaunchScreen_Generation = YES;
				INFOPLIST_KEY_UISupportedInterfaceOrientations_iPad = "UIInterfaceOrientationPortrait UIInterfaceOrientationPortraitUpsideDown UIInterfaceOrientationLandscapeLeft UIInterfaceOrientationLandscapeRight";
				INFOPLIST_KEY_UISupportedInterfaceOrientations_iPhone = "UIInterfaceOrientationPortrait UIInterfaceOrientationLandscapeLeft UIInterfaceOrientationLandscapeRight";
				LD_RUNPATH_SEARCH_PATHS = (
					"$(inherited)",
					"@executable_path/Frameworks",
				);
				MARKETING_VERSION = 1.0;
				PRODUCT_BUNDLE_IDENTIFIER = "co.pawelrudnik.Beekeeper-SwiftUI";
				PRODUCT_NAME = "$(TARGET_NAME)";
				SWIFT_EMIT_LOC_STRINGS = YES;
				SWIFT_VERSION = 5.0;
				TARGETED_DEVICE_FAMILY = "1,2";
			};
			name = Release;
		};
/* End XCBuildConfiguration section */

/* Begin XCConfigurationList section */
		FEED69A72D96BCBB00F7A171 /* Build configuration list for PBXProject "Beekeeper-SwiftUI" */ = {
			isa = XCConfigurationList;
			buildConfigurations = (
				FEED69B82D96BCBC00F7A171 /* Debug */,
				FEED69B92D96BCBC00F7A171 /* Release */,
			);
			defaultConfigurationIsVisible = 0;
			defaultConfigurationName = Release;
		};
		FEED69BA2D96BCBC00F7A171 /* Build configuration list for PBXNativeTarget "Beekeeper-SwiftUI" */ = {
			isa = XCConfigurationList;
			buildConfigurations = (
				FEED69BB2D96BCBC00F7A171 /* Debug */,
				FEED69BC2D96BCBC00F7A171 /* Release */,
			);
			defaultConfigurationIsVisible = 0;
			defaultConfigurationName = Release;
		};
/* End XCConfigurationList section */

/* Begin XCRemoteSwiftPackageReference section */
		FE50AB862DBBB1D900CD6E72 /* XCRemoteSwiftPackageReference "GoogleSignIn-iOS" */ = {
			isa = XCRemoteSwiftPackageReference;
			repositoryURL = "https://github.com/google/GoogleSignIn-iOS";
			requirement = {
				kind = upToNextMajorVersion;
				minimumVersion = 8.0.0;
			};
		};
		FEED69BF2D96CC7900F7A171 /* XCRemoteSwiftPackageReference "firebase-ios-sdk" */ = {
			isa = XCRemoteSwiftPackageReference;
			repositoryURL = "https://github.com/firebase/firebase-ios-sdk";
			requirement = {
				kind = upToNextMajorVersion;
				minimumVersion = 11.10.0;
			};
		};
/* End XCRemoteSwiftPackageReference section */

/* Begin XCSwiftPackageProductDependency section */
		FE50AB872DBBB1D900CD6E72 /* GoogleSignIn */ = {
			isa = XCSwiftPackageProductDependency;
			package = FE50AB862DBBB1D900CD6E72 /* XCRemoteSwiftPackageReference "GoogleSignIn-iOS" */;
			productName = GoogleSignIn;
		};
		FE50AB892DBBB1D900CD6E72 /* GoogleSignInSwift */ = {
			isa = XCSwiftPackageProductDependency;
			package = FE50AB862DBBB1D900CD6E72 /* XCRemoteSwiftPackageReference "GoogleSignIn-iOS" */;
			productName = GoogleSignInSwift;
		};
		FE50AB922DBC3B9E00CD6E72 /* FirebaseFirestore */ = {
			isa = XCSwiftPackageProductDependency;
			package = FEED69BF2D96CC7900F7A171 /* XCRemoteSwiftPackageReference "firebase-ios-sdk" */;
			productName = FirebaseFirestore;
		};
		FEED69C02D96CC7900F7A171 /* FirebaseAnalytics */ = {
			isa = XCSwiftPackageProductDependency;
			package = FEED69BF2D96CC7900F7A171 /* XCRemoteSwiftPackageReference "firebase-ios-sdk" */;
			productName = FirebaseAnalytics;
		};
		FEED69C32D96E00700F7A171 /* FirebaseAuth */ = {
			isa = XCSwiftPackageProductDependency;
			package = FEED69BF2D96CC7900F7A171 /* XCRemoteSwiftPackageReference "firebase-ios-sdk" */;
			productName = FirebaseAuth;
		};
/* End XCSwiftPackageProductDependency section */
	};
	rootObject = FEED69A42D96BCBB00F7A171 /* Project object */;
}
