// !$*UTF8*$!
{
	archiveVersion = 1;
	classes = {
	};
	objectVersion = 77;
	objects = {

/* Begin PBXBuildFile section */
		FE50AB702DBA86D000CD6E72 /* HomeView.swift in Sources */ = {isa = PBXBuildFile; fileRef = FE50AB6F2DBA86D000CD6E72 /* HomeView.swift */; };
		FE50AB722DBA86E400CD6E72 /* ToDoView.swift in Sources */ = {isa = PBXBuildFile; fileRef = FE50AB712DBA86E400CD6E72 /* ToDoView.swift */; };
		FE50AB742DBA86FD00CD6E72 /* ExpensesView.swift in Sources */ = {isa = PBXBuildFile; fileRef = FE50AB732DBA86FD00CD6E72 /* ExpensesView.swift */; };
		FE50AB7C2DBAA41900CD6E72 /* BeeYardCardView.swift in Sources */ = {isa = PBXBuildFile; fileRef = FE50AB7B2DBAA41900CD6E72 /* BeeYardCardView.swift */; };
		FE60575B2DA9C8A0004DC314 /* SettingsView.swift in Sources */ = {isa = PBXBuildFile; fileRef = FE60575A2DA9C8A0004DC314 /* SettingsView.swift */; };
		FE60576A2DAB0F23004DC314 /* AuthenticationError.swift in Sources */ = {isa = PBXBuildFile; fileRef = FE6057692DAB0F23004DC314 /* AuthenticationError.swift */; };
		FE60576D2DAB13D2004DC314 /* SignInState.swift in Sources */ = {isa = PBXBuildFile; fileRef = FE60576C2DAB13D2004DC314 /* SignInState.swift */; };
		FE8DB24B2DABCFDE0026530B /* String+Ext.swift in Sources */ = {isa = PBXBuildFile; fileRef = FE8DB24A2DABCFDE0026530B /* String+Ext.swift */; };
		FE8DB2502DABD4CB0026530B /* AnimatedText.swift in Sources */ = {isa = PBXBuildFile; fileRef = FE8DB24F2DABD4CB0026530B /* AnimatedText.swift */; };
		FE8DB2522DABDEF60026530B /* ForgotPasswordView.swift in Sources */ = {isa = PBXBuildFile; fileRef = FE8DB2512DABDEF60026530B /* ForgotPasswordView.swift */; };
		FEDE15792DA1C49D00DC4D17 /* RootView.swift in Sources */ = {isa = PBXBuildFile; fileRef = FEDE15782DA1C49D00DC4D17 /* RootView.swift */; };
		FEDE157D2DA1C8B800DC4D17 /* SignUpWithEmailView.swift in Sources */ = {isa = PBXBuildFile; fileRef = FEDE157C2DA1C8B800DC4D17 /* SignUpWithEmailView.swift */; };
		FEED69C12D96CC7900F7A171 /* FirebaseAnalytics in Frameworks */ = {isa = PBXBuildFile; productRef = FEED69C02D96CC7900F7A171 /* FirebaseAnalytics */; };
		FEED69C42D96E00700F7A171 /* FirebaseAuth in Frameworks */ = {isa = PBXBuildFile; productRef = FEED69C32D96E00700F7A171 /* FirebaseAuth */; };
		FEED69D12D96E15E00F7A171 /* AuthenticationView.swift in Sources */ = {isa = PBXBuildFile; fileRef = FEED69CC2D96E15E00F7A171 /* AuthenticationView.swift */; };
		FEED69D22D96E15E00F7A171 /* Beekeeper_SwiftUIApp.swift in Sources */ = {isa = PBXBuildFile; fileRef = FEED69CD2D96E15E00F7A171 /* Beekeeper_SwiftUIApp.swift */; };
		FEED69D42D96E15E00F7A171 /* Preview Assets.xcassets in Resources */ = {isa = PBXBuildFile; fileRef = FEED69C92D96E15E00F7A171 /* Preview Assets.xcassets */; };
		FEED69D52D96E15E00F7A171 /* Assets.xcassets in Resources */ = {isa = PBXBuildFile; fileRef = FEED69CB2D96E15E00F7A171 /* Assets.xcassets */; };
		FEED69D62D96E15E00F7A171 /* GoogleService-Info.plist in Resources */ = {isa = PBXBuildFile; fileRef = FEED69CF2D96E15E00F7A171 /* GoogleService-Info.plist */; };
		FEED69D82D96E56300F7A171 /* SignInWithEmailView.swift in Sources */ = {isa = PBXBuildFile; fileRef = FEED69D72D96E56300F7A171 /* SignInWithEmailView.swift */; };
		FEED69E02D96E9AD00F7A171 /* AuthenticationService.swift in Sources */ = {isa = PBXBuildFile; fileRef = FEED69DF2D96E9AD00F7A171 /* AuthenticationService.swift */; };
		FEED69E22D96EB0700F7A171 /* AuthenticationViewModel.swift in Sources */ = {isa = PBXBuildFile; fileRef = FEED69E12D96EB0700F7A171 /* AuthenticationViewModel.swift */; };
/* End PBXBuildFile section */

/* Begin PBXFileReference section */
		FE50AB6F2DBA86D000CD6E72 /* HomeView.swift */ = {isa = PBXFileReference; lastKnownFileType = sourcecode.swift; path = HomeView.swift; sourceTree = "<group>"; };
		FE50AB712DBA86E400CD6E72 /* ToDoView.swift */ = {isa = PBXFileReference; lastKnownFileType = sourcecode.swift; path = ToDoView.swift; sourceTree = "<group>"; };
		FE50AB732DBA86FD00CD6E72 /* ExpensesView.swift */ = {isa = PBXFileReference; lastKnownFileType = sourcecode.swift; path = ExpensesView.swift; sourceTree = "<group>"; };
		FE50AB7B2DBAA41900CD6E72 /* BeeYardCardView.swift */ = {isa = PBXFileReference; lastKnownFileType = sourcecode.swift; path = BeeYardCardView.swift; sourceTree = "<group>"; };
		FE60575A2DA9C8A0004DC314 /* SettingsView.swift */ = {isa = PBXFileReference; lastKnownFileType = sourcecode.swift; path = SettingsView.swift; sourceTree = "<group>"; };
		FE6057692DAB0F23004DC314 /* AuthenticationError.swift */ = {isa = PBXFileReference; lastKnownFileType = sourcecode.swift; path = AuthenticationError.swift; sourceTree = "<group>"; };
		FE60576C2DAB13D2004DC314 /* SignInState.swift */ = {isa = PBXFileReference; lastKnownFileType = sourcecode.swift; path = SignInState.swift; sourceTree = "<group>"; };
		FE8DB24A2DABCFDE0026530B /* String+Ext.swift */ = {isa = PBXFileReference; lastKnownFileType = sourcecode.swift; path = "String+Ext.swift"; sourceTree = "<group>"; };
		FE8DB24F2DABD4CB0026530B /* AnimatedText.swift */ = {isa = PBXFileReference; lastKnownFileType = sourcecode.swift; path = AnimatedText.swift; sourceTree = "<group>"; };
		FE8DB2512DABDEF60026530B /* ForgotPasswordView.swift */ = {isa = PBXFileReference; lastKnownFileType = sourcecode.swift; path = ForgotPasswordView.swift; sourceTree = "<group>"; };
		FEDE15782DA1C49D00DC4D17 /* RootView.swift */ = {isa = PBXFileReference; lastKnownFileType = sourcecode.swift; path = RootView.swift; sourceTree = "<group>"; };
		FEDE157C2DA1C8B800DC4D17 /* SignUpWithEmailView.swift */ = {isa = PBXFileReference; lastKnownFileType = sourcecode.swift; path = SignUpWithEmailView.swift; sourceTree = "<group>"; };
		FEED69AC2D96BCBB00F7A171 /* Beekeeper-SwiftUI.app */ = {isa = PBXFileReference; explicitFileType = wrapper.application; includeInIndex = 0; path = "Beekeeper-SwiftUI.app"; sourceTree = BUILT_PRODUCTS_DIR; };
		FEED69C92D96E15E00F7A171 /* Preview Assets.xcassets */ = {isa = PBXFileReference; lastKnownFileType = folder.assetcatalog; path = "Preview Assets.xcassets"; sourceTree = "<group>"; };
		FEED69CB2D96E15E00F7A171 /* Assets.xcassets */ = {isa = PBXFileReference; lastKnownFileType = folder.assetcatalog; path = Assets.xcassets; sourceTree = "<group>"; };
		FEED69CC2D96E15E00F7A171 /* AuthenticationView.swift */ = {isa = PBXFileReference; lastKnownFileType = sourcecode.swift; path = AuthenticationView.swift; sourceTree = "<group>"; };
		FEED69CD2D96E15E00F7A171 /* Beekeeper_SwiftUIApp.swift */ = {isa = PBXFileReference; lastKnownFileType = sourcecode.swift; path = Beekeeper_SwiftUIApp.swift; sourceTree = "<group>"; };
		FEED69CF2D96E15E00F7A171 /* GoogleService-Info.plist */ = {isa = PBXFileReference; lastKnownFileType = text.plist.xml; path = "GoogleService-Info.plist"; sourceTree = "<group>"; };
		FEED69D72D96E56300F7A171 /* SignInWithEmailView.swift */ = {isa = PBXFileReference; lastKnownFileType = sourcecode.swift; path = SignInWithEmailView.swift; sourceTree = "<group>"; };
		FEED69DF2D96E9AD00F7A171 /* AuthenticationService.swift */ = {isa = PBXFileReference; lastKnownFileType = sourcecode.swift; path = AuthenticationService.swift; sourceTree = "<group>"; };
		FEED69E12D96EB0700F7A171 /* AuthenticationViewModel.swift */ = {isa = PBXFileReference; lastKnownFileType = sourcecode.swift; path = AuthenticationViewModel.swift; sourceTree = "<group>"; };
/* End PBXFileReference section */

/* Begin PBXFrameworksBuildPhase section */
		FEED69A92D96BCBB00F7A171 /* Frameworks */ = {
			isa = PBXFrameworksBuildPhase;
			buildActionMask = 2147483647;
			files = (
				FEED69C12D96CC7900F7A171 /* FirebaseAnalytics in Frameworks */,
				FEED69C42D96E00700F7A171 /* FirebaseAuth in Frameworks */,
			);
			runOnlyForDeploymentPostprocessing = 0;
		};
/* End PBXFrameworksBuildPhase section */

/* Begin PBXGroup section */
		FE50AB6E2DBA864500CD6E72 /* Prototypes */ = {
			isa = PBXGroup;
			children = (
				FE50AB6F2DBA86D000CD6E72 /* HomeView.swift */,
				FE50AB7B2DBAA41900CD6E72 /* BeeYardCardView.swift */,
				FE50AB712DBA86E400CD6E72 /* ToDoView.swift */,
				FE50AB732DBA86FD00CD6E72 /* ExpensesView.swift */,
			);
			path = Prototypes;
			sourceTree = "<group>";
		};
		FE6057672DAB0CF5004DC314 /* Authentication */ = {
			isa = PBXGroup;
			children = (
				FE8DB2532DABE2C40026530B /* ViewModel */,
				FE8DB2542DABE2CD0026530B /* Views */,
			);
			path = Authentication;
			sourceTree = "<group>";
		};
		FE60576E2DAB25D5004DC314 /* Services */ = {
			isa = PBXGroup;
			children = (
				FEED69DF2D96E9AD00F7A171 /* AuthenticationService.swift */,
			);
			path = Services;
			sourceTree = "<group>";
		};
		FE60576F2DAB2C8E004DC314 /* Utils */ = {
			isa = PBXGroup;
			children = (
				FE6057692DAB0F23004DC314 /* AuthenticationError.swift */,
				FE60576C2DAB13D2004DC314 /* SignInState.swift */,
				FE8DB24F2DABD4CB0026530B /* AnimatedText.swift */,
			);
			path = Utils;
			sourceTree = "<group>";
		};
		FE8DB24C2DABCFF00026530B /* Extensions */ = {
			isa = PBXGroup;
			children = (
				FE8DB24A2DABCFDE0026530B /* String+Ext.swift */,
			);
			path = Extensions;
			sourceTree = "<group>";
		};
		FE8DB2532DABE2C40026530B /* ViewModel */ = {
			isa = PBXGroup;
			children = (
				FEED69E12D96EB0700F7A171 /* AuthenticationViewModel.swift */,
			);
			path = ViewModel;
			sourceTree = "<group>";
		};
		FE8DB2542DABE2CD0026530B /* Views */ = {
			isa = PBXGroup;
			children = (
				FEED69CC2D96E15E00F7A171 /* AuthenticationView.swift */,
				FEED69D72D96E56300F7A171 /* SignInWithEmailView.swift */,
				FEDE157C2DA1C8B800DC4D17 /* SignUpWithEmailView.swift */,
				FE8DB2512DABDEF60026530B /* ForgotPasswordView.swift */,
			);
			path = Views;
			sourceTree = "<group>";
		};
		FEED69A32D96BCBB00F7A171 = {
			isa = PBXGroup;
			children = (
				FEED69D02D96E15E00F7A171 /* Beekeeper-SwiftUI */,
				FEED69C22D96E00700F7A171 /* Frameworks */,
				FEED69AD2D96BCBB00F7A171 /* Products */,
			);
			sourceTree = "<group>";
		};
		FEED69AD2D96BCBB00F7A171 /* Products */ = {
			isa = PBXGroup;
			children = (
				FEED69AC2D96BCBB00F7A171 /* Beekeeper-SwiftUI.app */,
			);
			name = Products;
			sourceTree = "<group>";
		};
		FEED69C22D96E00700F7A171 /* Frameworks */ = {
			isa = PBXGroup;
			children = (
			);
			name = Frameworks;
			sourceTree = "<group>";
		};
		FEED69CA2D96E15E00F7A171 /* Preview Content */ = {
			isa = PBXGroup;
			children = (
				FEED69C92D96E15E00F7A171 /* Preview Assets.xcassets */,
			);
			path = "Preview Content";
			sourceTree = "<group>";
		};
		FEED69D02D96E15E00F7A171 /* Beekeeper-SwiftUI */ = {
			isa = PBXGroup;
			children = (
				FEED69CD2D96E15E00F7A171 /* Beekeeper_SwiftUIApp.swift */,
				FEDE15782DA1C49D00DC4D17 /* RootView.swift */,
				FE60576E2DAB25D5004DC314 /* Services */,
				FE6057672DAB0CF5004DC314 /* Authentication */,
				FE60575A2DA9C8A0004DC314 /* SettingsView.swift */,
				FE60576F2DAB2C8E004DC314 /* Utils */,
				FE8DB24C2DABCFF00026530B /* Extensions */,
				FE50AB6E2DBA864500CD6E72 /* Prototypes */,
				FEED69CA2D96E15E00F7A171 /* Preview Content */,
				FEED69CB2D96E15E00F7A171 /* Assets.xcassets */,
				FEED69CF2D96E15E00F7A171 /* GoogleService-Info.plist */,
			);
			path = "Beekeeper-SwiftUI";
			sourceTree = "<group>";
		};
/* End PBXGroup section */

/* Begin PBXNativeTarget section */
		FEED69AB2D96BCBB00F7A171 /* Beekeeper-SwiftUI */ = {
			isa = PBXNativeTarget;
			buildConfigurationList = FEED69BA2D96BCBC00F7A171 /* Build configuration list for PBXNativeTarget "Beekeeper-SwiftUI" */;
			buildPhases = (
				FEED69A82D96BCBB00F7A171 /* Sources */,
				FEED69A92D96BCBB00F7A171 /* Frameworks */,
				FEED69AA2D96BCBB00F7A171 /* Resources */,
			);
			buildRules = (
			);
			dependencies = (
			);
			name = "Beekeeper-SwiftUI";
			packageProductDependencies = (
				FEED69C02D96CC7900F7A171 /* FirebaseAnalytics */,
				FEED69C32D96E00700F7A171 /* FirebaseAuth */,
			);
			productName = "Beekeeper-SwiftUI";
			productReference = FEED69AC2D96BCBB00F7A171 /* Beekeeper-SwiftUI.app */;
			productType = "com.apple.product-type.application";
		};
/* End PBXNativeTarget section */

/* Begin PBXProject section */
		FEED69A42D96BCBB00F7A171 /* Project object */ = {
			isa = PBXProject;
			attributes = {
				BuildIndependentTargetsInParallel = 1;
				LastSwiftUpdateCheck = 1620;
				LastUpgradeCheck = 1630;
				TargetAttributes = {
					FEED69AB2D96BCBB00F7A171 = {
						CreatedOnToolsVersion = 16.2;
					};
				};
			};
			buildConfigurationList = FEED69A72D96BCBB00F7A171 /* Build configuration list for PBXProject "Beekeeper-SwiftUI" */;
			developmentRegion = en;
			hasScannedForEncodings = 0;
			knownRegions = (
				en,
				Base,
			);
			mainGroup = FEED69A32D96BCBB00F7A171;
			minimizedProjectReferenceProxies = 1;
			packageReferences = (
				FEED69BF2D96CC7900F7A171 /* XCRemoteSwiftPackageReference "firebase-ios-sdk" */,
			);
			preferredProjectObjectVersion = 77;
			productRefGroup = FEED69AD2D96BCBB00F7A171 /* Products */;
			projectDirPath = "";
			projectRoot = "";
			targets = (
				FEED69AB2D96BCBB00F7A171 /* Beekeeper-SwiftUI */,
			);
		};
/* End PBXProject section */

/* Begin PBXResourcesBuildPhase section */
		FEED69AA2D96BCBB00F7A171 /* Resources */ = {
			isa = PBXResourcesBuildPhase;
			buildActionMask = 2147483647;
			files = (
				FEED69D42D96E15E00F7A171 /* Preview Assets.xcassets in Resources */,
				FEED69D52D96E15E00F7A171 /* Assets.xcassets in Resources */,
				FEED69D62D96E15E00F7A171 /* GoogleService-Info.plist in Resources */,
			);
			runOnlyForDeploymentPostprocessing = 0;
		};
/* End PBXResourcesBuildPhase section */

/* Begin PBXSourcesBuildPhase section */
		FEED69A82D96BCBB00F7A171 /* Sources */ = {
			isa = PBXSourcesBuildPhase;
			buildActionMask = 2147483647;
			files = (
				FEDE157D2DA1C8B800DC4D17 /* SignUpWithEmailView.swift in Sources */,
				FE50AB702DBA86D000CD6E72 /* HomeView.swift in Sources */,
				FE8DB2502DABD4CB0026530B /* AnimatedText.swift in Sources */,
				FE50AB742DBA86FD00CD6E72 /* ExpensesView.swift in Sources */,
				FE60575B2DA9C8A0004DC314 /* SettingsView.swift in Sources */,
				FE50AB722DBA86E400CD6E72 /* ToDoView.swift in Sources */,
				FEED69D12D96E15E00F7A171 /* AuthenticationView.swift in Sources */,
				FEED69D22D96E15E00F7A171 /* Beekeeper_SwiftUIApp.swift in Sources */,
				FEED69E22D96EB0700F7A171 /* AuthenticationViewModel.swift in Sources */,
				FE50AB7C2DBAA41900CD6E72 /* BeeYardCardView.swift in Sources */,
				FEDE15792DA1C49D00DC4D17 /* RootView.swift in Sources */,
				FEED69E02D96E9AD00F7A171 /* AuthenticationService.swift in Sources */,
				FE8DB2522DABDEF60026530B /* ForgotPasswordView.swift in Sources */,
				FEED69D82D96E56300F7A171 /* SignInWithEmailView.swift in Sources */,
				FE60576D2DAB13D2004DC314 /* SignInState.swift in Sources */,
				FE60576A2DAB0F23004DC314 /* AuthenticationError.swift in Sources */,
				FE8DB24B2DABCFDE0026530B /* String+Ext.swift in Sources */,
			);
			runOnlyForDeploymentPostprocessing = 0;
		};
/* End PBXSourcesBuildPhase section */

/* Begin XCBuildConfiguration section */
		FEED69B82D96BCBC00F7A171 /* Debug */ = {
			isa = XCBuildConfiguration;
			buildSettings = {
				ALWAYS_SEARCH_USER_PATHS = NO;
				ASSETCATALOG_COMPILER_GENERATE_SWIFT_ASSET_SYMBOL_EXTENSIONS = YES;
				CLANG_ANALYZER_NONNULL = YES;
				CLANG_ANALYZER_NUMBER_OBJECT_CONVERSION = YES_AGGRESSIVE;
				CLANG_CXX_LANGUAGE_STANDARD = "gnu++20";
				CLANG_ENABLE_MODULES = YES;
				CLANG_ENABLE_OBJC_ARC = YES;
				CLANG_ENABLE_OBJC_WEAK = YES;
				CLANG_WARN_BLOCK_CAPTURE_AUTORELEASING = YES;
				CLANG_WARN_BOOL_CONVERSION = YES;
				CLANG_WARN_COMMA = YES;
				CLANG_WARN_CONSTANT_CONVERSION = YES;
				CLANG_WARN_DEPRECATED_OBJC_IMPLEMENTATIONS = YES;
				CLANG_WARN_DIRECT_OBJC_ISA_USAGE = YES_ERROR;
				CLANG_WARN_DOCUMENTATION_COMMENTS = YES;
				CLANG_WARN_EMPTY_BODY = YES;
				CLANG_WARN_ENUM_CONVERSION = YES;
				CLANG_WARN_INFINITE_RECURSION = YES;
				CLANG_WARN_INT_CONVERSION = YES;
				CLANG_WARN_NON_LITERAL_NULL_CONVERSION = YES;
				CLANG_WARN_OBJC_IMPLICIT_RETAIN_SELF = YES;
				CLANG_WARN_OBJC_LITERAL_CONVERSION = YES;
				CLANG_WARN_OBJC_ROOT_CLASS = YES_ERROR;
				CLANG_WARN_QUOTED_INCLUDE_IN_FRAMEWORK_HEADER = YES;
				CLANG_WARN_RANGE_LOOP_ANALYSIS = YES;
				CLANG_WARN_STRICT_PROTOTYPES = YES;
				CLANG_WARN_SUSPICIOUS_MOVE = YES;
				CLANG_WARN_UNGUARDED_AVAILABILITY = YES_AGGRESSIVE;
				CLANG_WARN_UNREACHABLE_CODE = YES;
				CLANG_WARN__DUPLICATE_METHOD_MATCH = YES;
				COPY_PHASE_STRIP = NO;
				DEBUG_INFORMATION_FORMAT = dwarf;
				DEVELOPMENT_TEAM = 4Z458N49ZH;
				ENABLE_STRICT_OBJC_MSGSEND = YES;
				ENABLE_TESTABILITY = YES;
				ENABLE_USER_SCRIPT_SANDBOXING = YES;
				GCC_C_LANGUAGE_STANDARD = gnu17;
				GCC_DYNAMIC_NO_PIC = NO;
				GCC_NO_COMMON_BLOCKS = YES;
				GCC_OPTIMIZATION_LEVEL = 0;
				GCC_PREPROCESSOR_DEFINITIONS = (
					"DEBUG=1",
					"$(inherited)",
				);
				GCC_WARN_64_TO_32_BIT_CONVERSION = YES;
				GCC_WARN_ABOUT_RETURN_TYPE = YES_ERROR;
				GCC_WARN_UNDECLARED_SELECTOR = YES;
				GCC_WARN_UNINITIALIZED_AUTOS = YES_AGGRESSIVE;
				GCC_WARN_UNUSED_FUNCTION = YES;
				GCC_WARN_UNUSED_VARIABLE = YES;
				IPHONEOS_DEPLOYMENT_TARGET = 18.2;
				LOCALIZATION_PREFERS_STRING_CATALOGS = YES;
				MTL_ENABLE_DEBUG_INFO = INCLUDE_SOURCE;
				MTL_FAST_MATH = YES;
				ONLY_ACTIVE_ARCH = YES;
				SDKROOT = iphoneos;
				SWIFT_ACTIVE_COMPILATION_CONDITIONS = "DEBUG $(inherited)";
				SWIFT_OPTIMIZATION_LEVEL = "-Onone";
			};
			name = Debug;
		};
		FEED69B92D96BCBC00F7A171 /* Release */ = {
			isa = XCBuildConfiguration;
			buildSettings = {
				ALWAYS_SEARCH_USER_PATHS = NO;
				ASSETCATALOG_COMPILER_GENERATE_SWIFT_ASSET_SYMBOL_EXTENSIONS = YES;
				CLANG_ANALYZER_NONNULL = YES;
				CLANG_ANALYZER_NUMBER_OBJECT_CONVERSION = YES_AGGRESSIVE;
				CLANG_CXX_LANGUAGE_STANDARD = "gnu++20";
				CLANG_ENABLE_MODULES = YES;
				CLANG_ENABLE_OBJC_ARC = YES;
				CLANG_ENABLE_OBJC_WEAK = YES;
				CLANG_WARN_BLOCK_CAPTURE_AUTORELEASING = YES;
				CLANG_WARN_BOOL_CONVERSION = YES;
				CLANG_WARN_COMMA = YES;
				CLANG_WARN_CONSTANT_CONVERSION = YES;
				CLANG_WARN_DEPRECATED_OBJC_IMPLEMENTATIONS = YES;
				CLANG_WARN_DIRECT_OBJC_ISA_USAGE = YES_ERROR;
				CLANG_WARN_DOCUMENTATION_COMMENTS = YES;
				CLANG_WARN_EMPTY_BODY = YES;
				CLANG_WARN_ENUM_CONVERSION = YES;
				CLANG_WARN_INFINITE_RECURSION = YES;
				CLANG_WARN_INT_CONVERSION = YES;
				CLANG_WARN_NON_LITERAL_NULL_CONVERSION = YES;
				CLANG_WARN_OBJC_IMPLICIT_RETAIN_SELF = YES;
				CLANG_WARN_OBJC_LITERAL_CONVERSION = YES;
				CLANG_WARN_OBJC_ROOT_CLASS = YES_ERROR;
				CLANG_WARN_QUOTED_INCLUDE_IN_FRAMEWORK_HEADER = YES;
				CLANG_WARN_RANGE_LOOP_ANALYSIS = YES;
				CLANG_WARN_STRICT_PROTOTYPES = YES;
				CLANG_WARN_SUSPICIOUS_MOVE = YES;
				CLANG_WARN_UNGUARDED_AVAILABILITY = YES_AGGRESSIVE;
				CLANG_WARN_UNREACHABLE_CODE = YES;
				CLANG_WARN__DUPLICATE_METHOD_MATCH = YES;
				COPY_PHASE_STRIP = NO;
				DEBUG_INFORMATION_FORMAT = "dwarf-with-dsym";
				DEVELOPMENT_TEAM = 4Z458N49ZH;
				ENABLE_NS_ASSERTIONS = NO;
				ENABLE_STRICT_OBJC_MSGSEND = YES;
				ENABLE_USER_SCRIPT_SANDBOXING = YES;
				GCC_C_LANGUAGE_STANDARD = gnu17;
				GCC_NO_COMMON_BLOCKS = YES;
				GCC_WARN_64_TO_32_BIT_CONVERSION = YES;
				GCC_WARN_ABOUT_RETURN_TYPE = YES_ERROR;
				GCC_WARN_UNDECLARED_SELECTOR = YES;
				GCC_WARN_UNINITIALIZED_AUTOS = YES_AGGRESSIVE;
				GCC_WARN_UNUSED_FUNCTION = YES;
				GCC_WARN_UNUSED_VARIABLE = YES;
				IPHONEOS_DEPLOYMENT_TARGET = 18.2;
				LOCALIZATION_PREFERS_STRING_CATALOGS = YES;
				MTL_ENABLE_DEBUG_INFO = NO;
				MTL_FAST_MATH = YES;
				SDKROOT = iphoneos;
				SWIFT_COMPILATION_MODE = wholemodule;
				VALIDATE_PRODUCT = YES;
			};
			name = Release;
		};
		FEED69BB2D96BCBC00F7A171 /* Debug */ = {
			isa = XCBuildConfiguration;
			buildSettings = {
				ASSETCATALOG_COMPILER_APPICON_NAME = AppIcon;
				ASSETCATALOG_COMPILER_GLOBAL_ACCENT_COLOR_NAME = AccentColor;
				CODE_SIGN_STYLE = Automatic;
				CURRENT_PROJECT_VERSION = 1;
				DEVELOPMENT_ASSET_PATHS = "\"Beekeeper-SwiftUI/Preview Content\"";
				ENABLE_PREVIEWS = YES;
				GENERATE_INFOPLIST_FILE = YES;
				INFOPLIST_KEY_UIApplicationSceneManifest_Generation = YES;
				INFOPLIST_KEY_UIApplicationSupportsIndirectInputEvents = YES;
				INFOPLIST_KEY_UILaunchScreen_Generation = YES;
				INFOPLIST_KEY_UISupportedInterfaceOrientations_iPad = "UIInterfaceOrientationPortrait UIInterfaceOrientationPortraitUpsideDown UIInterfaceOrientationLandscapeLeft UIInterfaceOrientationLandscapeRight";
				INFOPLIST_KEY_UISupportedInterfaceOrientations_iPhone = "UIInterfaceOrientationPortrait UIInterfaceOrientationLandscapeLeft UIInterfaceOrientationLandscapeRight";
				LD_RUNPATH_SEARCH_PATHS = (
					"$(inherited)",
					"@executable_path/Frameworks",
				);
				MARKETING_VERSION = 1.0;
				PRODUCT_BUNDLE_IDENTIFIER = "co.pawelrudnik.Beekeeper-SwiftUI";
				PRODUCT_NAME = "$(TARGET_NAME)";
				SWIFT_EMIT_LOC_STRINGS = YES;
				SWIFT_VERSION = 5.0;
				TARGETED_DEVICE_FAMILY = "1,2";
			};
			name = Debug;
		};
		FEED69BC2D96BCBC00F7A171 /* Release */ = {
			isa = XCBuildConfiguration;
			buildSettings = {
				ASSETCATALOG_COMPILER_APPICON_NAME = AppIcon;
				ASSETCATALOG_COMPILER_GLOBAL_ACCENT_COLOR_NAME = AccentColor;
				CODE_SIGN_STYLE = Automatic;
				CURRENT_PROJECT_VERSION = 1;
				DEVELOPMENT_ASSET_PATHS = "\"Beekeeper-SwiftUI/Preview Content\"";
				ENABLE_PREVIEWS = YES;
				GENERATE_INFOPLIST_FILE = YES;
				INFOPLIST_KEY_UIApplicationSceneManifest_Generation = YES;
				INFOPLIST_KEY_UIApplicationSupportsIndirectInputEvents = YES;
				INFOPLIST_KEY_UILaunchScreen_Generation = YES;
				INFOPLIST_KEY_UISupportedInterfaceOrientations_iPad = "UIInterfaceOrientationPortrait UIInterfaceOrientationPortraitUpsideDown UIInterfaceOrientationLandscapeLeft UIInterfaceOrientationLandscapeRight";
				INFOPLIST_KEY_UISupportedInterfaceOrientations_iPhone = "UIInterfaceOrientationPortrait UIInterfaceOrientationLandscapeLeft UIInterfaceOrientationLandscapeRight";
				LD_RUNPATH_SEARCH_PATHS = (
					"$(inherited)",
					"@executable_path/Frameworks",
				);
				MARKETING_VERSION = 1.0;
				PRODUCT_BUNDLE_IDENTIFIER = "co.pawelrudnik.Beekeeper-SwiftUI";
				PRODUCT_NAME = "$(TARGET_NAME)";
				SWIFT_EMIT_LOC_STRINGS = YES;
				SWIFT_VERSION = 5.0;
				TARGETED_DEVICE_FAMILY = "1,2";
			};
			name = Release;
		};
/* End XCBuildConfiguration section */

/* Begin XCConfigurationList section */
		FEED69A72D96BCBB00F7A171 /* Build configuration list for PBXProject "Beekeeper-SwiftUI" */ = {
			isa = XCConfigurationList;
			buildConfigurations = (
				FEED69B82D96BCBC00F7A171 /* Debug */,
				FEED69B92D96BCBC00F7A171 /* Release */,
			);
			defaultConfigurationIsVisible = 0;
			defaultConfigurationName = Release;
		};
		FEED69BA2D96BCBC00F7A171 /* Build configuration list for PBXNativeTarget "Beekeeper-SwiftUI" */ = {
			isa = XCConfigurationList;
			buildConfigurations = (
				FEED69BB2D96BCBC00F7A171 /* Debug */,
				FEED69BC2D96BCBC00F7A171 /* Release */,
			);
			defaultConfigurationIsVisible = 0;
			defaultConfigurationName = Release;
		};
/* End XCConfigurationList section */

/* Begin XCRemoteSwiftPackageReference section */
		FEED69BF2D96CC7900F7A171 /* XCRemoteSwiftPackageReference "firebase-ios-sdk" */ = {
			isa = XCRemoteSwiftPackageReference;
			repositoryURL = "https://github.com/firebase/firebase-ios-sdk";
			requirement = {
				kind = upToNextMajorVersion;
				minimumVersion = 11.10.0;
			};
		};
/* End XCRemoteSwiftPackageReference section */

/* Begin XCSwiftPackageProductDependency section */
		FEED69C02D96CC7900F7A171 /* FirebaseAnalytics */ = {
			isa = XCSwiftPackageProductDependency;
			package = FEED69BF2D96CC7900F7A171 /* XCRemoteSwiftPackageReference "firebase-ios-sdk" */;
			productName = FirebaseAnalytics;
		};
		FEED69C32D96E00700F7A171 /* FirebaseAuth */ = {
			isa = XCSwiftPackageProductDependency;
			package = FEED69BF2D96CC7900F7A171 /* XCRemoteSwiftPackageReference "firebase-ios-sdk" */;
			productName = FirebaseAuth;
		};
/* End XCSwiftPackageProductDependency section */
	};
	rootObject = FEED69A42D96BCBB00F7A171 /* Project object */;
}
